# This file was autogenerated by Stack.
# You should not edit this file by hand.
# For more information, please see the documentation at:
#   https://docs.haskellstack.org/en/stable/lock_files

packages:
- completed:
    hackage: pdf-toolbox-core-0.1.1@sha256:9f3a9eea11420982f4f84addda9994d6ee756e9c9ed5c1691214ab0fcc80b6c0,3944
    pantry-tree:
      size: 2031
      sha256: 990b6b18cdd02ada1f7d76ccb9307d6a3f8901db56690a81548a962284c37e95
  original:
    hackage: pdf-toolbox-core-0.1.1
- completed:
    hackage: pdf-toolbox-document-0.1.1@sha256:efa5711b9911ed952e237f53b6f2c2712ed1c1119da86de7c32978cf67b0ab63,2292
    pantry-tree:
      size: 1134
      sha256: 0e185fa93da4694d6715e08e28a09c7c5b5b432a6ab842e7b0a9cc706fd10a60
  original:
    hackage: pdf-toolbox-document-0.1.1
- completed:
    hackage: pdf-toolbox-content-0.1.1@sha256:44ddead09ea0fcfb578ffe94d8ff366534b3fb58a7fa62c1d1fb04bb9d432c40,2562
    pantry-tree:
      size: 1427
      sha256: 5d4662eb539ac93493c35720829a35f3e8069c471d08c8c2ed221b083ad11e99
  original:
    hackage: pdf-toolbox-content-0.1.1
- completed:
    hackage: discord-haskell-1.10.0@sha256:84a8efffdd12a5ab08540ed06628c30a344a39579735b813f1418d25f8414d95,3631
    pantry-tree:
      size: 2109
      sha256: c8305745ecf7c2149ed8df5adc19a451d4a098317240a38fd343ecfbd424cfab
  original:
    hackage: discord-haskell-1.10.0
- completed:
    hackage: emoji-0.1.0.2@sha256:d995572a5c7dcd28f98eb15c6e387a7b3bda1ac2477ab0d9dba8580d5d7b161f,1273
    pantry-tree:
      size: 437
      sha256: dd9ea90a631342e5db0fc21331ade4d563a685e9125d5a3989eefa8e1b96c6c6
  original:
    hackage: emoji-0.1.0.2@sha256:d995572a5c7dcd28f98eb15c6e387a7b3bda1ac2477ab0d9dba8580d5d7b161f,1273
snapshots:
- completed:
    size: 586103
    url: https://raw.githubusercontent.com/commercialhaskell/stackage-snapshots/master/lts/18/19.yaml
    sha256: 32716534fff554b7f90762130fdb985cabf29f157758934dd1c8f3892a646430
  original:
    url: https://raw.githubusercontent.com/commercialhaskell/stackage-snapshots/master/lts/18/19.yaml
